{
  "version": 4,
  "terraform_version": "1.6.2",
  "serial": 5,
  "lineage": "9821ea85-8a33-0e61-2730-f11495b0da16",
  "outputs": {
    "terraform-first-repo-url": {
      "value": "github_repository.terraform_first_repo.html_url",
      "type": "string"
    }
  },
  "resources": [
    {
      "mode": "managed",
      "type": "github_repository",
      "name": "terraform-first-repo",
      "provider": "provider[\"registry.terraform.io/hashicorp/github\"]",
      "instances": [
        {
          "schema_version": 1,
          "attributes": {
            "allow_auto_merge": false,
            "allow_merge_commit": true,
            "allow_rebase_merge": true,
            "allow_squash_merge": true,
            "allow_update_branch": false,
            "archive_on_destroy": null,
            "archived": false,
            "auto_init": true,
            "default_branch": "main",
            "delete_branch_on_merge": false,
            "description": "This repo is created by using terraform(Infrastructure as a code)",
            "etag": "W/\"ed4105733f9cd5c4f0ec01af649e87bef82be7ba0563950058a4fe8801b054c8\"",
            "full_name": "Arihantpal01/first-repo-from-terraform",
            "git_clone_url": "git://github.com/Arihantpal01/first-repo-from-terraform.git",
            "gitignore_template": null,
            "has_discussions": false,
            "has_downloads": false,
            "has_issues": false,
            "has_projects": false,
            "has_wiki": false,
            "homepage_url": "",
            "html_url": "https://github.com/Arihantpal01/first-repo-from-terraform",
            "http_clone_url": "https://github.com/Arihantpal01/first-repo-from-terraform.git",
            "id": "first-repo-from-terraform",
            "ignore_vulnerability_alerts_during_read": null,
            "is_template": false,
            "license_template": null,
            "merge_commit_message": "PR_TITLE",
            "merge_commit_title": "MERGE_MESSAGE",
            "name": "first-repo-from-terraform",
            "node_id": "R_kgDOKm_m1g",
            "pages": [],
            "primary_language": "",
            "private": false,
            "repo_id": 711976662,
            "security_and_analysis": [
              {
                "advanced_security": [],
                "secret_scanning": [
                  {
                    "status": "disabled"
                  }
                ],
                "secret_scanning_push_protection": [
                  {
                    "status": "disabled"
                  }
                ]
              }
            ],
            "squash_merge_commit_message": "COMMIT_MESSAGES",
            "squash_merge_commit_title": "COMMIT_OR_PR_TITLE",
            "ssh_clone_url": "git@github.com:Arihantpal01/first-repo-from-terraform.git",
            "svn_url": "https://github.com/Arihantpal01/first-repo-from-terraform",
            "template": [],
            "topics": [],
            "visibility": "public",
            "vulnerability_alerts": false
          },
          "sensitive_attributes": [],
          "private": "eyJzY2hlbWFfdmVyc2lvbiI6IjEifQ=="
        }
      ]
    }
  ],
  "check_results": null
}
